
Microsoft Visual Studio Solution File, Format Version 12.00
# Visual Studio 14
VisualStudioVersion = 14.0.25420.1
MinimumVisualStudioVersion = 10.0.40219.1
Project("{FAE04EC0-301F-11D3-BF4B-00C04F79EFBC}") = "Flatness", "Flatness\Flatness.csproj", "{85F67558-D46C-44B3-9E27-B3C3FC94EF31}"
EndProject
Project("{FAE04EC0-301F-11D3-BF4B-00C04F79EFBC}") = "XCore", "XCore\XCore.csproj", "{017103D9-2D61-4D7A-95DB-739C523FF470}"
EndProject
Global
	GlobalSection(SolutionConfigurationPlatforms) = preSolution
		Debug|Any CPU = Debug|Any CPU
		Release|Any CPU = Release|Any CPU
	EndGlobalSection
	GlobalSection(ProjectConfigurationPlatforms) = postSolution
		{85F67558-D46C-44B3-9E27-B3C3FC94EF31}.Debug|Any CPU.ActiveCfg = Debug|Any CPU
		{85F67558-D46C-44B3-9E27-B3C3FC94EF31}.Debug|Any CPU.Build.0 = Debug|Any CPU
		{85F67558-D46C-44B3-9E27-B3C3FC94EF31}.Release|Any CPU.ActiveCfg = Release|Any CPU
		{85F67558-D46C-44B3-9E27-B3C3FC94EF31}.Release|Any CPU.Build.0 = Release|Any CPU
		{017103D9-2D61-4D7A-95DB-739C523FF470}.Debug|Any CPU.ActiveCfg = Debug|Any CPU
		{017103D9-2D61-4D7A-95DB-739C523FF470}.Debug|Any CPU.Build.0 = Debug|Any CPU
		{017103D9-2D61-4D7A-95DB-739C523FF470}.Release|Any CPU.ActiveCfg = Release|Any CPU
		{017103D9-2D61-4D7A-95DB-739C523FF470}.Release|Any CPU.Build.0 = Release|Any CPU
	EndGlobalSection
	GlobalSection(SolutionProperties) = preSolution
		HideSolutionNode = FALSE
	EndGlobalSection
EndGlobal
